
Microsoft Visual Studio Solution File, Format Version 12.00
# Visual Studio 15
Project("{FAE04EC0-301F-11D3-BF4B-00C04F79EFBC}") = "Assembly-CSharp", "Assembly-CSharp.csproj", "{2C856DFB-60BC-2679-77C2-36A36044CBC4}"
EndProject
Project("{FAE04EC0-301F-11D3-BF4B-00C04F79EFBC}") = "Assembly-CSharp-Editor", "Assembly-CSharp-Editor.csproj", "{4A0C9080-11EC-0441-7090-86F17E11AF90}"
EndProject
Global
	GlobalSection(SolutionConfigurationPlatforms) = preSolution
		Debug|Any CPU = Debug|Any CPU
		Release|Any CPU = Release|Any CPU
	EndGlobalSection
	GlobalSection(ProjectConfigurationPlatforms) = postSolution
		{2C856DFB-60BC-2679-77C2-36A36044CBC4}.Debug|Any CPU.ActiveCfg = Debug|Any CPU
		{2C856DFB-60BC-2679-77C2-36A36044CBC4}.Debug|Any CPU.Build.0 = Debug|Any CPU
		{2C856DFB-60BC-2679-77C2-36A36044CBC4}.Release|Any CPU.ActiveCfg = Release|Any CPU
		{2C856DFB-60BC-2679-77C2-36A36044CBC4}.Release|Any CPU.Build.0 = Release|Any CPU
		{4A0C9080-11EC-0441-7090-86F17E11AF90}.Debug|Any CPU.ActiveCfg = Debug|Any CPU
		{4A0C9080-11EC-0441-7090-86F17E11AF90}.Debug|Any CPU.Build.0 = Debug|Any CPU
		{4A0C9080-11EC-0441-7090-86F17E11AF90}.Release|Any CPU.ActiveCfg = Release|Any CPU
		{4A0C9080-11EC-0441-7090-86F17E11AF90}.Release|Any CPU.Build.0 = Release|Any CPU
	EndGlobalSection
	GlobalSection(SolutionProperties) = preSolution
		HideSolutionNode = FALSE
	EndGlobalSection
EndGlobal
